// !$*UTF8*$!
{
	archiveVersion = 1;
	classes = {
	};
	objectVersion = 50;
	objects = {

/* Begin PBXBuildFile section */
		AB33A23826F9922400C412E5 /* CircleImage.swift in Sources */ = {isa = PBXBuildFile; fileRef = AB33A23726F9922400C412E5 /* CircleImage.swift */; };
		AB33A23A26F992E900C412E5 /* MapView.swift in Sources */ = {isa = PBXBuildFile; fileRef = AB33A23926F992E900C412E5 /* MapView.swift */; };
		AB33A23E26F9989100C412E5 /* Landmark.swift in Sources */ = {isa = PBXBuildFile; fileRef = AB33A23D26F9989100C412E5 /* Landmark.swift */; };
		AB33A24026F9993300C412E5 /* ModelData.swift in Sources */ = {isa = PBXBuildFile; fileRef = AB33A23F26F9993300C412E5 /* ModelData.swift */; };
		AB33A24226F9997700C412E5 /* landmarkData.json in Resources */ = {isa = PBXBuildFile; fileRef = AB33A24126F9997700C412E5 /* landmarkData.json */; };
		AB33A24726F99A5B00C412E5 /* LandmarkRow.swift in Sources */ = {isa = PBXBuildFile; fileRef = AB33A24626F99A5B00C412E5 /* LandmarkRow.swift */; };
		AB33A24926F99BC500C412E5 /* LandmarkList.swift in Sources */ = {isa = PBXBuildFile; fileRef = AB33A24826F99BC500C412E5 /* LandmarkList.swift */; };
		AB33A24B26F9C72E00C412E5 /* LandmarkDetail.swift in Sources */ = {isa = PBXBuildFile; fileRef = AB33A24A26F9C72E00C412E5 /* LandmarkDetail.swift */; };
		AB33A24D26F9D2B300C412E5 /* FavoriteButton.swift in Sources */ = {isa = PBXBuildFile; fileRef = AB33A24C26F9D2B300C412E5 /* FavoriteButton.swift */; };
		AB33A25126F9D8B700C412E5 /* HexagonParameters.swift in Sources */ = {isa = PBXBuildFile; fileRef = AB33A25026F9D8B700C412E5 /* HexagonParameters.swift */; };
		AB33A25526F9D91E00C412E5 /* BadgeBackground.swift in Sources */ = {isa = PBXBuildFile; fileRef = AB33A25426F9D91E00C412E5 /* BadgeBackground.swift */; };
		AB33A25726F9DA3700C412E5 /* BadgeSymbol.swift in Sources */ = {isa = PBXBuildFile; fileRef = AB33A25626F9DA3700C412E5 /* BadgeSymbol.swift */; };
		AB33A25A26F9DA8100C412E5 /* Badge.swift in Sources */ = {isa = PBXBuildFile; fileRef = AB33A25926F9DA8100C412E5 /* Badge.swift */; };
		AB33A25C26F9DAA500C412E5 /* RotatedBadgeSymbol.swift in Sources */ = {isa = PBXBuildFile; fileRef = AB33A25B26F9DAA500C412E5 /* RotatedBadgeSymbol.swift */; };
		AB33A25E26F9DD8D00C412E5 /* hikeData.json in Resources */ = {isa = PBXBuildFile; fileRef = AB33A25D26F9DD8D00C412E5 /* hikeData.json */; };
		AB33A26026F9DDB200C412E5 /* Hike.swift in Sources */ = {isa = PBXBuildFile; fileRef = AB33A25F26F9DDB200C412E5 /* Hike.swift */; };
		AB33A26626F9DDDA00C412E5 /* GraphCapsule.swift in Sources */ = {isa = PBXBuildFile; fileRef = AB33A26226F9DDDA00C412E5 /* GraphCapsule.swift */; };
		AB33A26726F9DDDA00C412E5 /* HikeGraph.swift in Sources */ = {isa = PBXBuildFile; fileRef = AB33A26326F9DDDA00C412E5 /* HikeGraph.swift */; };
		AB33A26826F9DDDA00C412E5 /* HikeDetail.swift in Sources */ = {isa = PBXBuildFile; fileRef = AB33A26426F9DDDA00C412E5 /* HikeDetail.swift */; };
		AB33A26926F9DDDA00C412E5 /* HikeView.swift in Sources */ = {isa = PBXBuildFile; fileRef = AB33A26526F9DDDA00C412E5 /* HikeView.swift */; };
		AB33A26C26FA053A00C412E5 /* CategoryHome.swift in Sources */ = {isa = PBXBuildFile; fileRef = AB33A26B26FA053A00C412E5 /* CategoryHome.swift */; };
		AB33A26E26FA073500C412E5 /* CategoryRow.swift in Sources */ = {isa = PBXBuildFile; fileRef = AB33A26D26FA073500C412E5 /* CategoryRow.swift */; };
		AB33A27026FA083E00C412E5 /* CategoryItem.swift in Sources */ = {isa = PBXBuildFile; fileRef = AB33A26F26FA083E00C412E5 /* CategoryItem.swift */; };
		AB33A27226FA0C3900C412E5 /* Profile.swift in Sources */ = {isa = PBXBuildFile; fileRef = AB33A27126FA0C3900C412E5 /* Profile.swift */; };
		AB33A27526FA0C6C00C412E5 /* ProfileHost.swift in Sources */ = {isa = PBXBuildFile; fileRef = AB33A27426FA0C6C00C412E5 /* ProfileHost.swift */; };
		ABF7843A26F906DD0065E619 /* LandmarksApp.swift in Sources */ = {isa = PBXBuildFile; fileRef = ABF7843926F906DD0065E619 /* LandmarksApp.swift */; };
		ABF7843C26F906DD0065E619 /* ContentView.swift in Sources */ = {isa = PBXBuildFile; fileRef = ABF7843B26F906DD0065E619 /* ContentView.swift */; };
		ABF7843E26F906DF0065E619 /* Assets.xcassets in Resources */ = {isa = PBXBuildFile; fileRef = ABF7843D26F906DF0065E619 /* Assets.xcassets */; };
		ABF7844126F906DF0065E619 /* Preview Assets.xcassets in Resources */ = {isa = PBXBuildFile; fileRef = ABF7844026F906DF0065E619 /* Preview Assets.xcassets */; };
/* End PBXBuildFile section */

/* Begin PBXFileReference section */
		AB33A23726F9922400C412E5 /* CircleImage.swift */ = {isa = PBXFileReference; lastKnownFileType = sourcecode.swift; path = CircleImage.swift; sourceTree = "<group>"; };
		AB33A23926F992E900C412E5 /* MapView.swift */ = {isa = PBXFileReference; lastKnownFileType = sourcecode.swift; path = MapView.swift; sourceTree = "<group>"; };
		AB33A23D26F9989100C412E5 /* Landmark.swift */ = {isa = PBXFileReference; lastKnownFileType = sourcecode.swift; path = Landmark.swift; sourceTree = "<group>"; };
		AB33A23F26F9993300C412E5 /* ModelData.swift */ = {isa = PBXFileReference; lastKnownFileType = sourcecode.swift; path = ModelData.swift; sourceTree = "<group>"; };
		AB33A24126F9997700C412E5 /* landmarkData.json */ = {isa = PBXFileReference; fileEncoding = 4; lastKnownFileType = text.json; path = landmarkData.json; sourceTree = "<group>"; };
		AB33A24626F99A5B00C412E5 /* LandmarkRow.swift */ = {isa = PBXFileReference; lastKnownFileType = sourcecode.swift; path = LandmarkRow.swift; sourceTree = "<group>"; };
		AB33A24826F99BC500C412E5 /* LandmarkList.swift */ = {isa = PBXFileReference; lastKnownFileType = sourcecode.swift; path = LandmarkList.swift; sourceTree = "<group>"; };
		AB33A24A26F9C72E00C412E5 /* LandmarkDetail.swift */ = {isa = PBXFileReference; lastKnownFileType = sourcecode.swift; path = LandmarkDetail.swift; sourceTree = "<group>"; };
		AB33A24C26F9D2B300C412E5 /* FavoriteButton.swift */ = {isa = PBXFileReference; lastKnownFileType = sourcecode.swift; path = FavoriteButton.swift; sourceTree = "<group>"; };
		AB33A25026F9D8B700C412E5 /* HexagonParameters.swift */ = {isa = PBXFileReference; lastKnownFileType = sourcecode.swift; path = HexagonParameters.swift; sourceTree = "<group>"; };
		AB33A25426F9D91E00C412E5 /* BadgeBackground.swift */ = {isa = PBXFileReference; lastKnownFileType = sourcecode.swift; path = BadgeBackground.swift; sourceTree = "<group>"; };
		AB33A25626F9DA3700C412E5 /* BadgeSymbol.swift */ = {isa = PBXFileReference; lastKnownFileType = sourcecode.swift; path = BadgeSymbol.swift; sourceTree = "<group>"; };
		AB33A25926F9DA8100C412E5 /* Badge.swift */ = {isa = PBXFileReference; lastKnownFileType = sourcecode.swift; path = Badge.swift; sourceTree = "<group>"; };
		AB33A25B26F9DAA500C412E5 /* RotatedBadgeSymbol.swift */ = {isa = PBXFileReference; lastKnownFileType = sourcecode.swift; path = RotatedBadgeSymbol.swift; sourceTree = "<group>"; };
		AB33A25D26F9DD8D00C412E5 /* hikeData.json */ = {isa = PBXFileReference; fileEncoding = 4; lastKnownFileType = text.json; path = hikeData.json; sourceTree = "<group>"; };
		AB33A25F26F9DDB200C412E5 /* Hike.swift */ = {isa = PBXFileReference; lastKnownFileType = sourcecode.swift; path = Hike.swift; sourceTree = "<group>"; };
		AB33A26226F9DDDA00C412E5 /* GraphCapsule.swift */ = {isa = PBXFileReference; fileEncoding = 4; lastKnownFileType = sourcecode.swift; path = GraphCapsule.swift; sourceTree = "<group>"; };
		AB33A26326F9DDDA00C412E5 /* HikeGraph.swift */ = {isa = PBXFileReference; fileEncoding = 4; lastKnownFileType = sourcecode.swift; path = HikeGraph.swift; sourceTree = "<group>"; };
		AB33A26426F9DDDA00C412E5 /* HikeDetail.swift */ = {isa = PBXFileReference; fileEncoding = 4; lastKnownFileType = sourcecode.swift; path = HikeDetail.swift; sourceTree = "<group>"; };
		AB33A26526F9DDDA00C412E5 /* HikeView.swift */ = {isa = PBXFileReference; fileEncoding = 4; lastKnownFileType = sourcecode.swift; path = HikeView.swift; sourceTree = "<group>"; };
		AB33A26B26FA053A00C412E5 /* CategoryHome.swift */ = {isa = PBXFileReference; lastKnownFileType = sourcecode.swift; path = CategoryHome.swift; sourceTree = "<group>"; };
		AB33A26D26FA073500C412E5 /* CategoryRow.swift */ = {isa = PBXFileReference; lastKnownFileType = sourcecode.swift; path = CategoryRow.swift; sourceTree = "<group>"; };
		AB33A26F26FA083E00C412E5 /* CategoryItem.swift */ = {isa = PBXFileReference; lastKnownFileType = sourcecode.swift; path = CategoryItem.swift; sourceTree = "<group>"; };
		AB33A27126FA0C3900C412E5 /* Profile.swift */ = {isa = PBXFileReference; lastKnownFileType = sourcecode.swift; path = Profile.swift; sourceTree = "<group>"; };
		AB33A27426FA0C6C00C412E5 /* ProfileHost.swift */ = {isa = PBXFileReference; lastKnownFileType = sourcecode.swift; path = ProfileHost.swift; sourceTree = "<group>"; };
		ABF7843626F906DD0065E619 /* Landmarks.app */ = {isa = PBXFileReference; explicitFileType = wrapper.application; includeInIndex = 0; path = Landmarks.app; sourceTree = BUILT_PRODUCTS_DIR; };
		ABF7843926F906DD0065E619 /* LandmarksApp.swift */ = {isa = PBXFileReference; lastKnownFileType = sourcecode.swift; path = LandmarksApp.swift; sourceTree = "<group>"; };
		ABF7843B26F906DD0065E619 /* ContentView.swift */ = {isa = PBXFileReference; lastKnownFileType = sourcecode.swift; path = ContentView.swift; sourceTree = "<group>"; };
		ABF7843D26F906DF0065E619 /* Assets.xcassets */ = {isa = PBXFileReference; lastKnownFileType = folder.assetcatalog; path = Assets.xcassets; sourceTree = "<group>"; };
		ABF7844026F906DF0065E619 /* Preview Assets.xcassets */ = {isa = PBXFileReference; lastKnownFileType = folder.assetcatalog; path = "Preview Assets.xcassets"; sourceTree = "<group>"; };
		ABF7844226F906DF0065E619 /* Info.plist */ = {isa = PBXFileReference; lastKnownFileType = text.plist.xml; path = Info.plist; sourceTree = "<group>"; };
/* End PBXFileReference section */

/* Begin PBXFrameworksBuildPhase section */
		ABF7843326F906DD0065E619 /* Frameworks */ = {
			isa = PBXFrameworksBuildPhase;
			buildActionMask = 2147483647;
			files = (
			);
			runOnlyForDeploymentPostprocessing = 0;
		};
/* End PBXFrameworksBuildPhase section */

/* Begin PBXGroup section */
		AB33A24326F999AB00C412E5 /* Views */ = {
			isa = PBXGroup;
			children = (
				AB33A27326FA0C5F00C412E5 /* Profiles */,
				AB33A26A26FA052A00C412E5 /* Categories */,
				AB33A26126F9DDDA00C412E5 /* Hikes */,
				AB33A25826F9DA7000C412E5 /* Badge */,
				AB33A24F26F9D32300C412E5 /* Helpers */,
				AB33A24E26F9D30500C412E5 /* Landmarks */,
			);
			path = Views;
			sourceTree = "<group>";
		};
		AB33A24426F999D900C412E5 /* Model */ = {
			isa = PBXGroup;
			children = (
				AB33A23D26F9989100C412E5 /* Landmark.swift */,
				AB33A23F26F9993300C412E5 /* ModelData.swift */,
				AB33A25F26F9DDB200C412E5 /* Hike.swift */,
				AB33A27126FA0C3900C412E5 /* Profile.swift */,
			);
			path = Model;
			sourceTree = "<group>";
		};
		AB33A24526F999FD00C412E5 /* Resources */ = {
			isa = PBXGroup;
			children = (
				AB33A25D26F9DD8D00C412E5 /* hikeData.json */,
				AB33A24126F9997700C412E5 /* landmarkData.json */,
			);
			path = Resources;
			sourceTree = "<group>";
		};
		AB33A24E26F9D30500C412E5 /* Landmarks */ = {
			isa = PBXGroup;
			children = (
				AB33A24626F99A5B00C412E5 /* LandmarkRow.swift */,
				AB33A24826F99BC500C412E5 /* LandmarkList.swift */,
				AB33A24A26F9C72E00C412E5 /* LandmarkDetail.swift */,
			);
			path = Landmarks;
			sourceTree = "<group>";
		};
		AB33A24F26F9D32300C412E5 /* Helpers */ = {
			isa = PBXGroup;
			children = (
				AB33A23726F9922400C412E5 /* CircleImage.swift */,
				AB33A23926F992E900C412E5 /* MapView.swift */,
				AB33A24C26F9D2B300C412E5 /* FavoriteButton.swift */,
			);
			path = Helpers;
			sourceTree = "<group>";
		};
		AB33A25826F9DA7000C412E5 /* Badge */ = {
			isa = PBXGroup;
			children = (
				AB33A25026F9D8B700C412E5 /* HexagonParameters.swift */,
				AB33A25426F9D91E00C412E5 /* BadgeBackground.swift */,
				AB33A25626F9DA3700C412E5 /* BadgeSymbol.swift */,
				AB33A25926F9DA8100C412E5 /* Badge.swift */,
				AB33A25B26F9DAA500C412E5 /* RotatedBadgeSymbol.swift */,
			);
			path = Badge;
			sourceTree = "<group>";
		};
		AB33A26126F9DDDA00C412E5 /* Hikes */ = {
			isa = PBXGroup;
			children = (
				AB33A26226F9DDDA00C412E5 /* GraphCapsule.swift */,
				AB33A26326F9DDDA00C412E5 /* HikeGraph.swift */,
				AB33A26426F9DDDA00C412E5 /* HikeDetail.swift */,
				AB33A26526F9DDDA00C412E5 /* HikeView.swift */,
			);
			path = Hikes;
			sourceTree = "<group>";
		};
		AB33A26A26FA052A00C412E5 /* Categories */ = {
			isa = PBXGroup;
			children = (
				AB33A26B26FA053A00C412E5 /* CategoryHome.swift */,
				AB33A26D26FA073500C412E5 /* CategoryRow.swift */,
				AB33A26F26FA083E00C412E5 /* CategoryItem.swift */,
			);
			path = Categories;
			sourceTree = "<group>";
		};
		AB33A27326FA0C5F00C412E5 /* Profiles */ = {
			isa = PBXGroup;
			children = (
				AB33A27426FA0C6C00C412E5 /* ProfileHost.swift */,
			);
			path = Profiles;
			sourceTree = "<group>";
		};
		ABF7842D26F906DD0065E619 = {
			isa = PBXGroup;
			children = (
				ABF7843826F906DD0065E619 /* Landmarks */,
				ABF7843726F906DD0065E619 /* Products */,
			);
			sourceTree = "<group>";
		};
		ABF7843726F906DD0065E619 /* Products */ = {
			isa = PBXGroup;
			children = (
				ABF7843626F906DD0065E619 /* Landmarks.app */,
			);
			name = Products;
			sourceTree = "<group>";
		};
		ABF7843826F906DD0065E619 /* Landmarks */ = {
			isa = PBXGroup;
			children = (
				ABF7843926F906DD0065E619 /* LandmarksApp.swift */,
				AB33A24326F999AB00C412E5 /* Views */,
				ABF7843B26F906DD0065E619 /* ContentView.swift */,
				AB33A24426F999D900C412E5 /* Model */,
				AB33A24526F999FD00C412E5 /* Resources */,
				ABF7843D26F906DF0065E619 /* Assets.xcassets */,
				ABF7844226F906DF0065E619 /* Info.plist */,
				ABF7843F26F906DF0065E619 /* Preview Content */,
			);
			path = Landmarks;
			sourceTree = "<group>";
		};
		ABF7843F26F906DF0065E619 /* Preview Content */ = {
			isa = PBXGroup;
			children = (
				ABF7844026F906DF0065E619 /* Preview Assets.xcassets */,
			);
			path = "Preview Content";
			sourceTree = "<group>";
		};
/* End PBXGroup section */

/* Begin PBXNativeTarget section */
		ABF7843526F906DD0065E619 /* Landmarks */ = {
			isa = PBXNativeTarget;
			buildConfigurationList = ABF7844526F906DF0065E619 /* Build configuration list for PBXNativeTarget "Landmarks" */;
			buildPhases = (
				ABF7843226F906DD0065E619 /* Sources */,
				ABF7843326F906DD0065E619 /* Frameworks */,
				ABF7843426F906DD0065E619 /* Resources */,
			);
			buildRules = (
			);
			dependencies = (
			);
			name = Landmarks;
			productName = Landmarks;
			productReference = ABF7843626F906DD0065E619 /* Landmarks.app */;
			productType = "com.apple.product-type.application";
		};
/* End PBXNativeTarget section */

/* Begin PBXProject section */
		ABF7842E26F906DD0065E619 /* Project object */ = {
			isa = PBXProject;
			attributes = {
				LastSwiftUpdateCheck = 1250;
				LastUpgradeCheck = 1250;
				TargetAttributes = {
					ABF7843526F906DD0065E619 = {
						CreatedOnToolsVersion = 12.5.1;
					};
				};
			};
			buildConfigurationList = ABF7843126F906DD0065E619 /* Build configuration list for PBXProject "Landmarks" */;
			compatibilityVersion = "Xcode 9.3";
			developmentRegion = en;
			hasScannedForEncodings = 0;
			knownRegions = (
				en,
				Base,
			);
			mainGroup = ABF7842D26F906DD0065E619;
			productRefGroup = ABF7843726F906DD0065E619 /* Products */;
			projectDirPath = "";
			projectRoot = "";
			targets = (
				ABF7843526F906DD0065E619 /* Landmarks */,
			);
		};
/* End PBXProject section */

/* Begin PBXResourcesBuildPhase section */
		ABF7843426F906DD0065E619 /* Resources */ = {
			isa = PBXResourcesBuildPhase;
			buildActionMask = 2147483647;
			files = (
				AB33A25E26F9DD8D00C412E5 /* hikeData.json in Resources */,
				ABF7844126F906DF0065E619 /* Preview Assets.xcassets in Resources */,
				ABF7843E26F906DF0065E619 /* Assets.xcassets in Resources */,
				AB33A24226F9997700C412E5 /* landmarkData.json in Resources */,
			);
			runOnlyForDeploymentPostprocessing = 0;
		};
/* End PBXResourcesBuildPhase section */

/* Begin PBXSourcesBuildPhase section */
		ABF7843226F906DD0065E619 /* Sources */ = {
			isa = PBXSourcesBuildPhase;
			buildActionMask = 2147483647;
			files = (
				AB33A26E26FA073500C412E5 /* CategoryRow.swift in Sources */,
				AB33A27226FA0C3900C412E5 /* Profile.swift in Sources */,
				AB33A25726F9DA3700C412E5 /* BadgeSymbol.swift in Sources */,
				AB33A26C26FA053A00C412E5 /* CategoryHome.swift in Sources */,
				AB33A26726F9DDDA00C412E5 /* HikeGraph.swift in Sources */,
				ABF7843C26F906DD0065E619 /* ContentView.swift in Sources */,
				AB33A23A26F992E900C412E5 /* MapView.swift in Sources */,
				AB33A27026FA083E00C412E5 /* CategoryItem.swift in Sources */,
				AB33A26626F9DDDA00C412E5 /* GraphCapsule.swift in Sources */,
				ABF7843A26F906DD0065E619 /* LandmarksApp.swift in Sources */,
				AB33A24D26F9D2B300C412E5 /* FavoriteButton.swift in Sources */,
				AB33A26826F9DDDA00C412E5 /* HikeDetail.swift in Sources */,
				AB33A25126F9D8B700C412E5 /* HexagonParameters.swift in Sources */,
				AB33A27526FA0C6C00C412E5 /* ProfileHost.swift in Sources */,
				AB33A26026F9DDB200C412E5 /* Hike.swift in Sources */,
				AB33A24926F99BC500C412E5 /* LandmarkList.swift in Sources */,
				AB33A25A26F9DA8100C412E5 /* Badge.swift in Sources */,
				AB33A25C26F9DAA500C412E5 /* RotatedBadgeSymbol.swift in Sources */,
				AB33A26926F9DDDA00C412E5 /* HikeView.swift in Sources */,
				AB33A24B26F9C72E00C412E5 /* LandmarkDetail.swift in Sources */,
				AB33A25526F9D91E00C412E5 /* BadgeBackground.swift in Sources */,
				AB33A23826F9922400C412E5 /* CircleImage.swift in Sources */,
				AB33A23E26F9989100C412E5 /* Landmark.swift in Sources */,
				AB33A24726F99A5B00C412E5 /* LandmarkRow.swift in Sources */,
				AB33A24026F9993300C412E5 /* ModelData.swift in Sources */,
			);
			runOnlyForDeploymentPostprocessing = 0;
		};
/* End PBXSourcesBuildPhase section */

/* Begin XCBuildConfiguration section */
		ABF7844326F906DF0065E619 /* Debug */ = {
			isa = XCBuildConfiguration;
			buildSettings = {
				ALWAYS_SEARCH_USER_PATHS = NO;
				CLANG_ANALYZER_NONNULL = YES;
				CLANG_ANALYZER_NUMBER_OBJECT_CONVERSION = YES_AGGRESSIVE;
				CLANG_CXX_LANGUAGE_STANDARD = "gnu++14";
				CLANG_CXX_LIBRARY = "libc++";
				CLANG_ENABLE_MODULES = YES;
				CLANG_ENABLE_OBJC_ARC = YES;
				CLANG_ENABLE_OBJC_WEAK = YES;
				CLANG_WARN_BLOCK_CAPTURE_AUTORELEASING = YES;
				CLANG_WARN_BOOL_CONVERSION = YES;
				CLANG_WARN_COMMA = YES;
				CLANG_WARN_CONSTANT_CONVERSION = YES;
				CLANG_WARN_DEPRECATED_OBJC_IMPLEMENTATIONS = YES;
				CLANG_WARN_DIRECT_OBJC_ISA_USAGE = YES_ERROR;
				CLANG_WARN_DOCUMENTATION_COMMENTS = YES;
				CLANG_WARN_EMPTY_BODY = YES;
				CLANG_WARN_ENUM_CONVERSION = YES;
				CLANG_WARN_INFINITE_RECURSION = YES;
				CLANG_WARN_INT_CONVERSION = YES;
				CLANG_WARN_NON_LITERAL_NULL_CONVERSION = YES;
				CLANG_WARN_OBJC_IMPLICIT_RETAIN_SELF = YES;
				CLANG_WARN_OBJC_LITERAL_CONVERSION = YES;
				CLANG_WARN_OBJC_ROOT_CLASS = YES_ERROR;
				CLANG_WARN_QUOTED_INCLUDE_IN_FRAMEWORK_HEADER = YES;
				CLANG_WARN_RANGE_LOOP_ANALYSIS = YES;
				CLANG_WARN_STRICT_PROTOTYPES = YES;
				CLANG_WARN_SUSPICIOUS_MOVE = YES;
				CLANG_WARN_UNGUARDED_AVAILABILITY = YES_AGGRESSIVE;
				CLANG_WARN_UNREACHABLE_CODE = YES;
				CLANG_WARN__DUPLICATE_METHOD_MATCH = YES;
				COPY_PHASE_STRIP = NO;
				DEBUG_INFORMATION_FORMAT = dwarf;
				ENABLE_STRICT_OBJC_MSGSEND = YES;
				ENABLE_TESTABILITY = YES;
				GCC_C_LANGUAGE_STANDARD = gnu11;
				GCC_DYNAMIC_NO_PIC = NO;
				GCC_NO_COMMON_BLOCKS = YES;
				GCC_OPTIMIZATION_LEVEL = 0;
				GCC_PREPROCESSOR_DEFINITIONS = (
					"DEBUG=1",
					"$(inherited)",
				);
				GCC_WARN_64_TO_32_BIT_CONVERSION = YES;
				GCC_WARN_ABOUT_RETURN_TYPE = YES_ERROR;
				GCC_WARN_UNDECLARED_SELECTOR = YES;
				GCC_WARN_UNINITIALIZED_AUTOS = YES_AGGRESSIVE;
				GCC_WARN_UNUSED_FUNCTION = YES;
				GCC_WARN_UNUSED_VARIABLE = YES;
				IPHONEOS_DEPLOYMENT_TARGET = 14.5;
				MTL_ENABLE_DEBUG_INFO = INCLUDE_SOURCE;
				MTL_FAST_MATH = YES;
				ONLY_ACTIVE_ARCH = YES;
				SDKROOT = iphoneos;
				SWIFT_ACTIVE_COMPILATION_CONDITIONS = DEBUG;
				SWIFT_OPTIMIZATION_LEVEL = "-Onone";
			};
			name = Debug;
		};
		ABF7844426F906DF0065E619 /* Release */ = {
			isa = XCBuildConfiguration;
			buildSettings = {
				ALWAYS_SEARCH_USER_PATHS = NO;
				CLANG_ANALYZER_NONNULL = YES;
				CLANG_ANALYZER_NUMBER_OBJECT_CONVERSION = YES_AGGRESSIVE;
				CLANG_CXX_LANGUAGE_STANDARD = "gnu++14";
				CLANG_CXX_LIBRARY = "libc++";
				CLANG_ENABLE_MODULES = YES;
				CLANG_ENABLE_OBJC_ARC = YES;
				CLANG_ENABLE_OBJC_WEAK = YES;
				CLANG_WARN_BLOCK_CAPTURE_AUTORELEASING = YES;
				CLANG_WARN_BOOL_CONVERSION = YES;
				CLANG_WARN_COMMA = YES;
				CLANG_WARN_CONSTANT_CONVERSION = YES;
				CLANG_WARN_DEPRECATED_OBJC_IMPLEMENTATIONS = YES;
				CLANG_WARN_DIRECT_OBJC_ISA_USAGE = YES_ERROR;
				CLANG_WARN_DOCUMENTATION_COMMENTS = YES;
				CLANG_WARN_EMPTY_BODY = YES;
				CLANG_WARN_ENUM_CONVERSION = YES;
				CLANG_WARN_INFINITE_RECURSION = YES;
				CLANG_WARN_INT_CONVERSION = YES;
				CLANG_WARN_NON_LITERAL_NULL_CONVERSION = YES;
				CLANG_WARN_OBJC_IMPLICIT_RETAIN_SELF = YES;
				CLANG_WARN_OBJC_LITERAL_CONVERSION = YES;
				CLANG_WARN_OBJC_ROOT_CLASS = YES_ERROR;
				CLANG_WARN_QUOTED_INCLUDE_IN_FRAMEWORK_HEADER = YES;
				CLANG_WARN_RANGE_LOOP_ANALYSIS = YES;
				CLANG_WARN_STRICT_PROTOTYPES = YES;
				CLANG_WARN_SUSPICIOUS_MOVE = YES;
				CLANG_WARN_UNGUARDED_AVAILABILITY = YES_AGGRESSIVE;
				CLANG_WARN_UNREACHABLE_CODE = YES;
				CLANG_WARN__DUPLICATE_METHOD_MATCH = YES;
				COPY_PHASE_STRIP = NO;
				DEBUG_INFORMATION_FORMAT = "dwarf-with-dsym";
				ENABLE_NS_ASSERTIONS = NO;
				ENABLE_STRICT_OBJC_MSGSEND = YES;
				GCC_C_LANGUAGE_STANDARD = gnu11;
				GCC_NO_COMMON_BLOCKS = YES;
				GCC_WARN_64_TO_32_BIT_CONVERSION = YES;
				GCC_WARN_ABOUT_RETURN_TYPE = YES_ERROR;
				GCC_WARN_UNDECLARED_SELECTOR = YES;
				GCC_WARN_UNINITIALIZED_AUTOS = YES_AGGRESSIVE;
				GCC_WARN_UNUSED_FUNCTION = YES;
				GCC_WARN_UNUSED_VARIABLE = YES;
				IPHONEOS_DEPLOYMENT_TARGET = 14.5;
				MTL_ENABLE_DEBUG_INFO = NO;
				MTL_FAST_MATH = YES;
				SDKROOT = iphoneos;
				SWIFT_COMPILATION_MODE = wholemodule;
				SWIFT_OPTIMIZATION_LEVEL = "-O";
				VALIDATE_PRODUCT = YES;
			};
			name = Release;
		};
		ABF7844626F906DF0065E619 /* Debug */ = {
			isa = XCBuildConfiguration;
			buildSettings = {
				ASSETCATALOG_COMPILER_APPICON_NAME = AppIcon;
				ASSETCATALOG_COMPILER_GLOBAL_ACCENT_COLOR_NAME = AccentColor;
				CODE_SIGN_STYLE = Automatic;
				DEVELOPMENT_ASSET_PATHS = "\"Landmarks/Preview Content\"";
				ENABLE_PREVIEWS = YES;
				INFOPLIST_FILE = Landmarks/Info.plist;
				IPHONEOS_DEPLOYMENT_TARGET = 14.0;
				LD_RUNPATH_SEARCH_PATHS = (
					"$(inherited)",
					"@executable_path/Frameworks",
				);
				PRODUCT_BUNDLE_IDENTIFIER = com.pyan.Landmarks;
				PRODUCT_NAME = "$(TARGET_NAME)";
				SWIFT_VERSION = 5.0;
				TARGETED_DEVICE_FAMILY = "1,2";
			};
			name = Debug;
		};
		ABF7844726F906DF0065E619 /* Release */ = {
			isa = XCBuildConfiguration;
			buildSettings = {
				ASSETCATALOG_COMPILER_APPICON_NAME = AppIcon;
				ASSETCATALOG_COMPILER_GLOBAL_ACCENT_COLOR_NAME = AccentColor;
				CODE_SIGN_STYLE = Automatic;
				DEVELOPMENT_ASSET_PATHS = "\"Landmarks/Preview Content\"";
				ENABLE_PREVIEWS = YES;
				INFOPLIST_FILE = Landmarks/Info.plist;
				IPHONEOS_DEPLOYMENT_TARGET = 14.0;
				LD_RUNPATH_SEARCH_PATHS = (
					"$(inherited)",
					"@executable_path/Frameworks",
				);
				PRODUCT_BUNDLE_IDENTIFIER = com.pyan.Landmarks;
				PRODUCT_NAME = "$(TARGET_NAME)";
				SWIFT_VERSION = 5.0;
				TARGETED_DEVICE_FAMILY = "1,2";
			};
			name = Release;
		};
/* End XCBuildConfiguration section */

/* Begin XCConfigurationList section */
		ABF7843126F906DD0065E619 /* Build configuration list for PBXProject "Landmarks" */ = {
			isa = XCConfigurationList;
			buildConfigurations = (
				ABF7844326F906DF0065E619 /* Debug */,
				ABF7844426F906DF0065E619 /* Release */,
			);
			defaultConfigurationIsVisible = 0;
			defaultConfigurationName = Release;
		};
		ABF7844526F906DF0065E619 /* Build configuration list for PBXNativeTarget "Landmarks" */ = {
			isa = XCConfigurationList;
			buildConfigurations = (
				ABF7844626F906DF0065E619 /* Debug */,
				ABF7844726F906DF0065E619 /* Release */,
			);
			defaultConfigurationIsVisible = 0;
			defaultConfigurationName = Release;
		};
/* End XCConfigurationList section */
	};
	rootObject = ABF7842E26F906DD0065E619 /* Project object */;
}
